// !$*UTF8*$!
{
	archiveVersion = 1;
	classes = {
	};
	objectVersion = 56;
	objects = {

/* Begin PBXBuildFile section */
		66F1DEA82C1023620050F7AF /* Film_AppApp.swift in Sources */ = {isa = PBXBuildFile; fileRef = 66F1DEA72C1023620050F7AF /* Film_AppApp.swift */; };
		66F1DEAA2C1023620050F7AF /* FilmSayfa.swift in Sources */ = {isa = PBXBuildFile; fileRef = 66F1DEA92C1023620050F7AF /* FilmSayfa.swift */; };
		66F1DEAC2C1023640050F7AF /* Assets.xcassets in Resources */ = {isa = PBXBuildFile; fileRef = 66F1DEAB2C1023640050F7AF /* Assets.xcassets */; };
		66F1DEAF2C1023640050F7AF /* Preview Assets.xcassets in Resources */ = {isa = PBXBuildFile; fileRef = 66F1DEAE2C1023640050F7AF /* Preview Assets.xcassets */; };
		66F1DEB62C10243D0050F7AF /* Kategoriler.swift in Sources */ = {isa = PBXBuildFile; fileRef = 66F1DEB52C10243D0050F7AF /* Kategoriler.swift */; };
		66F1DEB82C1024F70050F7AF /* Yonetmenler.swift in Sources */ = {isa = PBXBuildFile; fileRef = 66F1DEB72C1024F70050F7AF /* Yonetmenler.swift */; };
		66F1DEBA2C1025B40050F7AF /* Filmler.swift in Sources */ = {isa = PBXBuildFile; fileRef = 66F1DEB92C1025B40050F7AF /* Filmler.swift */; };
		66F1DEBC2C102C8B0050F7AF /* FilmItem.swift in Sources */ = {isa = PBXBuildFile; fileRef = 66F1DEBB2C102C8B0050F7AF /* FilmItem.swift */; };
/* End PBXBuildFile section */

/* Begin PBXFileReference section */
		66F1DEA42C1023620050F7AF /* Film App.app */ = {isa = PBXFileReference; explicitFileType = wrapper.application; includeInIndex = 0; path = "Film App.app"; sourceTree = BUILT_PRODUCTS_DIR; };
		66F1DEA72C1023620050F7AF /* Film_AppApp.swift */ = {isa = PBXFileReference; lastKnownFileType = sourcecode.swift; path = Film_AppApp.swift; sourceTree = "<group>"; };
		66F1DEA92C1023620050F7AF /* FilmSayfa.swift */ = {isa = PBXFileReference; lastKnownFileType = sourcecode.swift; path = FilmSayfa.swift; sourceTree = "<group>"; };
		66F1DEAB2C1023640050F7AF /* Assets.xcassets */ = {isa = PBXFileReference; lastKnownFileType = folder.assetcatalog; path = Assets.xcassets; sourceTree = "<group>"; };
		66F1DEAE2C1023640050F7AF /* Preview Assets.xcassets */ = {isa = PBXFileReference; lastKnownFileType = folder.assetcatalog; path = "Preview Assets.xcassets"; sourceTree = "<group>"; };
		66F1DEB52C10243D0050F7AF /* Kategoriler.swift */ = {isa = PBXFileReference; lastKnownFileType = sourcecode.swift; path = Kategoriler.swift; sourceTree = "<group>"; };
		66F1DEB72C1024F70050F7AF /* Yonetmenler.swift */ = {isa = PBXFileReference; lastKnownFileType = sourcecode.swift; path = Yonetmenler.swift; sourceTree = "<group>"; };
		66F1DEB92C1025B40050F7AF /* Filmler.swift */ = {isa = PBXFileReference; lastKnownFileType = sourcecode.swift; path = Filmler.swift; sourceTree = "<group>"; };
		66F1DEBB2C102C8B0050F7AF /* FilmItem.swift */ = {isa = PBXFileReference; lastKnownFileType = sourcecode.swift; path = FilmItem.swift; sourceTree = "<group>"; };
/* End PBXFileReference section */

/* Begin PBXFrameworksBuildPhase section */
		66F1DEA12C1023620050F7AF /* Frameworks */ = {
			isa = PBXFrameworksBuildPhase;
			buildActionMask = 2147483647;
			files = (
			);
			runOnlyForDeploymentPostprocessing = 0;
		};
/* End PBXFrameworksBuildPhase section */

/* Begin PBXGroup section */
		66F1DE9B2C1023620050F7AF = {
			isa = PBXGroup;
			children = (
				66F1DEA62C1023620050F7AF /* Film App */,
				66F1DEA52C1023620050F7AF /* Products */,
			);
			sourceTree = "<group>";
		};
		66F1DEA52C1023620050F7AF /* Products */ = {
			isa = PBXGroup;
			children = (
				66F1DEA42C1023620050F7AF /* Film App.app */,
			);
			name = Products;
			sourceTree = "<group>";
		};
		66F1DEA62C1023620050F7AF /* Film App */ = {
			isa = PBXGroup;
			children = (
				66F1DEA72C1023620050F7AF /* Film_AppApp.swift */,
				66F1DEA92C1023620050F7AF /* FilmSayfa.swift */,
				66F1DEB52C10243D0050F7AF /* Kategoriler.swift */,
				66F1DEB72C1024F70050F7AF /* Yonetmenler.swift */,
				66F1DEB92C1025B40050F7AF /* Filmler.swift */,
				66F1DEBB2C102C8B0050F7AF /* FilmItem.swift */,
				66F1DEAB2C1023640050F7AF /* Assets.xcassets */,
				66F1DEAD2C1023640050F7AF /* Preview Content */,
			);
			path = "Film App";
			sourceTree = "<group>";
		};
		66F1DEAD2C1023640050F7AF /* Preview Content */ = {
			isa = PBXGroup;
			children = (
				66F1DEAE2C1023640050F7AF /* Preview Assets.xcassets */,
			);
			path = "Preview Content";
			sourceTree = "<group>";
		};
/* End PBXGroup section */

/* Begin PBXNativeTarget section */
		66F1DEA32C1023620050F7AF /* Film App */ = {
			isa = PBXNativeTarget;
			buildConfigurationList = 66F1DEB22C1023640050F7AF /* Build configuration list for PBXNativeTarget "Film App" */;
			buildPhases = (
				66F1DEA02C1023620050F7AF /* Sources */,
				66F1DEA12C1023620050F7AF /* Frameworks */,
				66F1DEA22C1023620050F7AF /* Resources */,
			);
			buildRules = (
			);
			dependencies = (
			);
			name = "Film App";
			productName = "Film App";
			productReference = 66F1DEA42C1023620050F7AF /* Film App.app */;
			productType = "com.apple.product-type.application";
		};
/* End PBXNativeTarget section */

/* Begin PBXProject section */
		66F1DE9C2C1023620050F7AF /* Project object */ = {
			isa = PBXProject;
			attributes = {
				BuildIndependentTargetsInParallel = 1;
				LastSwiftUpdateCheck = 1530;
				LastUpgradeCheck = 1530;
				TargetAttributes = {
					66F1DEA32C1023620050F7AF = {
						CreatedOnToolsVersion = 15.3;
					};
				};
			};
			buildConfigurationList = 66F1DE9F2C1023620050F7AF /* Build configuration list for PBXProject "Film App" */;
			compatibilityVersion = "Xcode 14.0";
			developmentRegion = en;
			hasScannedForEncodings = 0;
			knownRegions = (
				en,
				Base,
			);
			mainGroup = 66F1DE9B2C1023620050F7AF;
			productRefGroup = 66F1DEA52C1023620050F7AF /* Products */;
			projectDirPath = "";
			projectRoot = "";
			targets = (
				66F1DEA32C1023620050F7AF /* Film App */,
			);
		};
/* End PBXProject section */

/* Begin PBXResourcesBuildPhase section */
		66F1DEA22C1023620050F7AF /* Resources */ = {
			isa = PBXResourcesBuildPhase;
			buildActionMask = 2147483647;
			files = (
				66F1DEAF2C1023640050F7AF /* Preview Assets.xcassets in Resources */,
				66F1DEAC2C1023640050F7AF /* Assets.xcassets in Resources */,
			);
			runOnlyForDeploymentPostprocessing = 0;
		};
/* End PBXResourcesBuildPhase section */

/* Begin PBXSourcesBuildPhase section */
		66F1DEA02C1023620050F7AF /* Sources */ = {
			isa = PBXSourcesBuildPhase;
			buildActionMask = 2147483647;
			files = (
				66F1DEBC2C102C8B0050F7AF /* FilmItem.swift in Sources */,
				66F1DEB62C10243D0050F7AF /* Kategoriler.swift in Sources */,
				66F1DEBA2C1025B40050F7AF /* Filmler.swift in Sources */,
				66F1DEAA2C1023620050F7AF /* FilmSayfa.swift in Sources */,
				66F1DEB82C1024F70050F7AF /* Yonetmenler.swift in Sources */,
				66F1DEA82C1023620050F7AF /* Film_AppApp.swift in Sources */,
			);
			runOnlyForDeploymentPostprocessing = 0;
		};
/* End PBXSourcesBuildPhase section */

/* Begin XCBuildConfiguration section */
		66F1DEB02C1023640050F7AF /* Debug */ = {
			isa = XCBuildConfiguration;
			buildSettings = {
				ALWAYS_SEARCH_USER_PATHS = NO;
				ASSETCATALOG_COMPILER_GENERATE_SWIFT_ASSET_SYMBOL_EXTENSIONS = YES;
				CLANG_ANALYZER_NONNULL = YES;
				CLANG_ANALYZER_NUMBER_OBJECT_CONVERSION = YES_AGGRESSIVE;
				CLANG_CXX_LANGUAGE_STANDARD = "gnu++20";
				CLANG_ENABLE_MODULES = YES;
				CLANG_ENABLE_OBJC_ARC = YES;
				CLANG_ENABLE_OBJC_WEAK = YES;
				CLANG_WARN_BLOCK_CAPTURE_AUTORELEASING = YES;
				CLANG_WARN_BOOL_CONVERSION = YES;
				CLANG_WARN_COMMA = YES;
				CLANG_WARN_CONSTANT_CONVERSION = YES;
				CLANG_WARN_DEPRECATED_OBJC_IMPLEMENTATIONS = YES;
				CLANG_WARN_DIRECT_OBJC_ISA_USAGE = YES_ERROR;
				CLANG_WARN_DOCUMENTATION_COMMENTS = YES;
				CLANG_WARN_EMPTY_BODY = YES;
				CLANG_WARN_ENUM_CONVERSION = YES;
				CLANG_WARN_INFINITE_RECURSION = YES;
				CLANG_WARN_INT_CONVERSION = YES;
				CLANG_WARN_NON_LITERAL_NULL_CONVERSION = YES;
				CLANG_WARN_OBJC_IMPLICIT_RETAIN_SELF = YES;
				CLANG_WARN_OBJC_LITERAL_CONVERSION = YES;
				CLANG_WARN_OBJC_ROOT_CLASS = YES_ERROR;
				CLANG_WARN_QUOTED_INCLUDE_IN_FRAMEWORK_HEADER = YES;
				CLANG_WARN_RANGE_LOOP_ANALYSIS = YES;
				CLANG_WARN_STRICT_PROTOTYPES = YES;
				CLANG_WARN_SUSPICIOUS_MOVE = YES;
				CLANG_WARN_UNGUARDED_AVAILABILITY = YES_AGGRESSIVE;
				CLANG_WARN_UNREACHABLE_CODE = YES;
				CLANG_WARN__DUPLICATE_METHOD_MATCH = YES;
				COPY_PHASE_STRIP = NO;
				DEBUG_INFORMATION_FORMAT = dwarf;
				ENABLE_STRICT_OBJC_MSGSEND = YES;
				ENABLE_TESTABILITY = YES;
				ENABLE_USER_SCRIPT_SANDBOXING = YES;
				GCC_C_LANGUAGE_STANDARD = gnu17;
				GCC_DYNAMIC_NO_PIC = NO;
				GCC_NO_COMMON_BLOCKS = YES;
				GCC_OPTIMIZATION_LEVEL = 0;
				GCC_PREPROCESSOR_DEFINITIONS = (
					"DEBUG=1",
					"$(inherited)",
				);
				GCC_WARN_64_TO_32_BIT_CONVERSION = YES;
				GCC_WARN_ABOUT_RETURN_TYPE = YES_ERROR;
				GCC_WARN_UNDECLARED_SELECTOR = YES;
				GCC_WARN_UNINITIALIZED_AUTOS = YES_AGGRESSIVE;
				GCC_WARN_UNUSED_FUNCTION = YES;
				GCC_WARN_UNUSED_VARIABLE = YES;
				IPHONEOS_DEPLOYMENT_TARGET = 17.4;
				LOCALIZATION_PREFERS_STRING_CATALOGS = YES;
				MTL_ENABLE_DEBUG_INFO = INCLUDE_SOURCE;
				MTL_FAST_MATH = YES;
				ONLY_ACTIVE_ARCH = YES;
				SDKROOT = iphoneos;
				SWIFT_ACTIVE_COMPILATION_CONDITIONS = "DEBUG $(inherited)";
				SWIFT_OPTIMIZATION_LEVEL = "-Onone";
			};
			name = Debug;
		};
		66F1DEB12C1023640050F7AF /* Release */ = {
			isa = XCBuildConfiguration;
			buildSettings = {
				ALWAYS_SEARCH_USER_PATHS = NO;
				ASSETCATALOG_COMPILER_GENERATE_SWIFT_ASSET_SYMBOL_EXTENSIONS = YES;
				CLANG_ANALYZER_NONNULL = YES;
				CLANG_ANALYZER_NUMBER_OBJECT_CONVERSION = YES_AGGRESSIVE;
				CLANG_CXX_LANGUAGE_STANDARD = "gnu++20";
				CLANG_ENABLE_MODULES = YES;
				CLANG_ENABLE_OBJC_ARC = YES;
				CLANG_ENABLE_OBJC_WEAK = YES;
				CLANG_WARN_BLOCK_CAPTURE_AUTORELEASING = YES;
				CLANG_WARN_BOOL_CONVERSION = YES;
				CLANG_WARN_COMMA = YES;
				CLANG_WARN_CONSTANT_CONVERSION = YES;
				CLANG_WARN_DEPRECATED_OBJC_IMPLEMENTATIONS = YES;
				CLANG_WARN_DIRECT_OBJC_ISA_USAGE = YES_ERROR;
				CLANG_WARN_DOCUMENTATION_COMMENTS = YES;
				CLANG_WARN_EMPTY_BODY = YES;
				CLANG_WARN_ENUM_CONVERSION = YES;
				CLANG_WARN_INFINITE_RECURSION = YES;
				CLANG_WARN_INT_CONVERSION = YES;
				CLANG_WARN_NON_LITERAL_NULL_CONVERSION = YES;
				CLANG_WARN_OBJC_IMPLICIT_RETAIN_SELF = YES;
				CLANG_WARN_OBJC_LITERAL_CONVERSION = YES;
				CLANG_WARN_OBJC_ROOT_CLASS = YES_ERROR;
				CLANG_WARN_QUOTED_INCLUDE_IN_FRAMEWORK_HEADER = YES;
				CLANG_WARN_RANGE_LOOP_ANALYSIS = YES;
				CLANG_WARN_STRICT_PROTOTYPES = YES;
				CLANG_WARN_SUSPICIOUS_MOVE = YES;
				CLANG_WARN_UNGUARDED_AVAILABILITY = YES_AGGRESSIVE;
				CLANG_WARN_UNREACHABLE_CODE = YES;
				CLANG_WARN__DUPLICATE_METHOD_MATCH = YES;
				COPY_PHASE_STRIP = NO;
				DEBUG_INFORMATION_FORMAT = "dwarf-with-dsym";
				ENABLE_NS_ASSERTIONS = NO;
				ENABLE_STRICT_OBJC_MSGSEND = YES;
				ENABLE_USER_SCRIPT_SANDBOXING = YES;
				GCC_C_LANGUAGE_STANDARD = gnu17;
				GCC_NO_COMMON_BLOCKS = YES;
				GCC_WARN_64_TO_32_BIT_CONVERSION = YES;
				GCC_WARN_ABOUT_RETURN_TYPE = YES_ERROR;
				GCC_WARN_UNDECLARED_SELECTOR = YES;
				GCC_WARN_UNINITIALIZED_AUTOS = YES_AGGRESSIVE;
				GCC_WARN_UNUSED_FUNCTION = YES;
				GCC_WARN_UNUSED_VARIABLE = YES;
				IPHONEOS_DEPLOYMENT_TARGET = 17.4;
				LOCALIZATION_PREFERS_STRING_CATALOGS = YES;
				MTL_ENABLE_DEBUG_INFO = NO;
				MTL_FAST_MATH = YES;
				SDKROOT = iphoneos;
				SWIFT_COMPILATION_MODE = wholemodule;
				VALIDATE_PRODUCT = YES;
			};
			name = Release;
		};
		66F1DEB32C1023640050F7AF /* Debug */ = {
			isa = XCBuildConfiguration;
			buildSettings = {
				ASSETCATALOG_COMPILER_APPICON_NAME = AppIcon;
				ASSETCATALOG_COMPILER_GLOBAL_ACCENT_COLOR_NAME = AccentColor;
				CODE_SIGN_STYLE = Automatic;
				CURRENT_PROJECT_VERSION = 1;
				DEVELOPMENT_ASSET_PATHS = "\"Film App/Preview Content\"";
				DEVELOPMENT_TEAM = N5BT92DK6J;
				ENABLE_PREVIEWS = YES;
				GENERATE_INFOPLIST_FILE = YES;
				INFOPLIST_KEY_UIApplicationSceneManifest_Generation = YES;
				INFOPLIST_KEY_UIApplicationSupportsIndirectInputEvents = YES;
				INFOPLIST_KEY_UILaunchScreen_Generation = YES;
				INFOPLIST_KEY_UISupportedInterfaceOrientations_iPad = "UIInterfaceOrientationPortrait UIInterfaceOrientationPortraitUpsideDown UIInterfaceOrientationLandscapeLeft UIInterfaceOrientationLandscapeRight";
				INFOPLIST_KEY_UISupportedInterfaceOrientations_iPhone = "UIInterfaceOrientationPortrait UIInterfaceOrientationLandscapeLeft UIInterfaceOrientationLandscapeRight";
				LD_RUNPATH_SEARCH_PATHS = (
					"$(inherited)",
					"@executable_path/Frameworks",
				);
				MARKETING_VERSION = 1.0;
				PRODUCT_BUNDLE_IDENTIFIER = "com.mertbaykal.Film-App";
				PRODUCT_NAME = "$(TARGET_NAME)";
				SWIFT_EMIT_LOC_STRINGS = YES;
				SWIFT_VERSION = 5.0;
				TARGETED_DEVICE_FAMILY = "1,2";
			};
			name = Debug;
		};
		66F1DEB42C1023640050F7AF /* Release */ = {
			isa = XCBuildConfiguration;
			buildSettings = {
				ASSETCATALOG_COMPILER_APPICON_NAME = AppIcon;
				ASSETCATALOG_COMPILER_GLOBAL_ACCENT_COLOR_NAME = AccentColor;
				CODE_SIGN_STYLE = Automatic;
				CURRENT_PROJECT_VERSION = 1;
				DEVELOPMENT_ASSET_PATHS = "\"Film App/Preview Content\"";
				DEVELOPMENT_TEAM = N5BT92DK6J;
				ENABLE_PREVIEWS = YES;
				GENERATE_INFOPLIST_FILE = YES;
				INFOPLIST_KEY_UIApplicationSceneManifest_Generation = YES;
				INFOPLIST_KEY_UIApplicationSupportsIndirectInputEvents = YES;
				INFOPLIST_KEY_UILaunchScreen_Generation = YES;
				INFOPLIST_KEY_UISupportedInterfaceOrientations_iPad = "UIInterfaceOrientationPortrait UIInterfaceOrientationPortraitUpsideDown UIInterfaceOrientationLandscapeLeft UIInterfaceOrientationLandscapeRight";
				INFOPLIST_KEY_UISupportedInterfaceOrientations_iPhone = "UIInterfaceOrientationPortrait UIInterfaceOrientationLandscapeLeft UIInterfaceOrientationLandscapeRight";
				LD_RUNPATH_SEARCH_PATHS = (
					"$(inherited)",
					"@executable_path/Frameworks",
				);
				MARKETING_VERSION = 1.0;
				PRODUCT_BUNDLE_IDENTIFIER = "com.mertbaykal.Film-App";
				PRODUCT_NAME = "$(TARGET_NAME)";
				SWIFT_EMIT_LOC_STRINGS = YES;
				SWIFT_VERSION = 5.0;
				TARGETED_DEVICE_FAMILY = "1,2";
			};
			name = Release;
		};
/* End XCBuildConfiguration section */

/* Begin XCConfigurationList section */
		66F1DE9F2C1023620050F7AF /* Build configuration list for PBXProject "Film App" */ = {
			isa = XCConfigurationList;
			buildConfigurations = (
				66F1DEB02C1023640050F7AF /* Debug */,
				66F1DEB12C1023640050F7AF /* Release */,
			);
			defaultConfigurationIsVisible = 0;
			defaultConfigurationName = Release;
		};
		66F1DEB22C1023640050F7AF /* Build configuration list for PBXNativeTarget "Film App" */ = {
			isa = XCConfigurationList;
			buildConfigurations = (
				66F1DEB32C1023640050F7AF /* Debug */,
				66F1DEB42C1023640050F7AF /* Release */,
			);
			defaultConfigurationIsVisible = 0;
			defaultConfigurationName = Release;
		};
/* End XCConfigurationList section */
	};
	rootObject = 66F1DE9C2C1023620050F7AF /* Project object */;
}
